// !$*UTF8*$!
{
	archiveVersion = 1;
	classes = {
	};
	objectVersion = 56;
	objects = {

/* Begin PBXBuildFile section */
		534F50742B98EC2E00181716 /* MSALSwiftUIApp.swift in Sources */ = {isa = PBXBuildFile; fileRef = 534F50732B98EC2E00181716 /* MSALSwiftUIApp.swift */; };
		534F50762B98EC2E00181716 /* ContentView.swift in Sources */ = {isa = PBXBuildFile; fileRef = 534F50752B98EC2E00181716 /* ContentView.swift */; };
		534F50782B98EC2F00181716 /* Assets.xcassets in Resources */ = {isa = PBXBuildFile; fileRef = 534F50772B98EC2F00181716 /* Assets.xcassets */; };
		534F507B2B98EC2F00181716 /* Preview Assets.xcassets in Resources */ = {isa = PBXBuildFile; fileRef = 534F507A2B98EC2F00181716 /* Preview Assets.xcassets */; };
		534F50832B98F12000181716 /* MSAL in Frameworks */ = {isa = PBXBuildFile; productRef = 534F50822B98F12000181716 /* MSAL */; };
		534F50872B98F36100181716 /* MSALViewControllerRepresentable.swift in Sources */ = {isa = PBXBuildFile; fileRef = 534F50862B98F36100181716 /* MSALViewControllerRepresentable.swift */; };
		534F50892B98F43300181716 /* AppModel.swift in Sources */ = {isa = PBXBuildFile; fileRef = 534F50882B98F43300181716 /* AppModel.swift */; };
		534F508B2B98F4C500181716 /* MSALProperties.swift in Sources */ = {isa = PBXBuildFile; fileRef = 534F508A2B98F4C500181716 /* MSALProperties.swift */; };
		534F508D2B98F8CF00181716 /* App+MSAL.swift in Sources */ = {isa = PBXBuildFile; fileRef = 534F508C2B98F8CF00181716 /* App+MSAL.swift */; };
		534F50912B9920BA00181716 /* Readme.md in Resources */ = {isa = PBXBuildFile; fileRef = 534F50902B9920BA00181716 /* Readme.md */; };
		534F50AA2B99213B00181716 /* step10.png in Resources */ = {isa = PBXBuildFile; fileRef = 534F50952B99213B00181716 /* step10.png */; };
		534F50AB2B99213B00181716 /* Step11.png in Resources */ = {isa = PBXBuildFile; fileRef = 534F50962B99213B00181716 /* Step11.png */; };
		534F50AC2B99213B00181716 /* Step9.png in Resources */ = {isa = PBXBuildFile; fileRef = 534F50972B99213B00181716 /* Step9.png */; };
		534F50AD2B99213B00181716 /* Step2.png in Resources */ = {isa = PBXBuildFile; fileRef = 534F50982B99213B00181716 /* Step2.png */; };
		534F50AE2B99213B00181716 /* Step3.png in Resources */ = {isa = PBXBuildFile; fileRef = 534F50992B99213B00181716 /* Step3.png */; };
		534F50B02B99213B00181716 /* Step4.png in Resources */ = {isa = PBXBuildFile; fileRef = 534F509B2B99213B00181716 /* Step4.png */; };
		534F50B22B99213B00181716 /* Step5.png in Resources */ = {isa = PBXBuildFile; fileRef = 534F509D2B99213B00181716 /* Step5.png */; };
		534F50B42B99213B00181716 /* Step8.png in Resources */ = {isa = PBXBuildFile; fileRef = 534F509F2B99213B00181716 /* Step8.png */; };
		534F50B52B99213B00181716 /* step11.1.png in Resources */ = {isa = PBXBuildFile; fileRef = 534F50A02B99213B00181716 /* step11.1.png */; };
		534F50B72B99213B00181716 /* Step20.png in Resources */ = {isa = PBXBuildFile; fileRef = 534F50A22B99213B00181716 /* Step20.png */; };
		534F50B92B99213B00181716 /* Step1.png in Resources */ = {isa = PBXBuildFile; fileRef = 534F50A42B99213B00181716 /* Step1.png */; };
		534F50BA2B99213B00181716 /* Step7.png in Resources */ = {isa = PBXBuildFile; fileRef = 534F50A52B99213B00181716 /* Step7.png */; };
		534F50BC2B99213B00181716 /* Step6.png in Resources */ = {isa = PBXBuildFile; fileRef = 534F50A72B99213B00181716 /* Step6.png */; };
		534F50BE2B9934CA00181716 /* Step12.png in Resources */ = {isa = PBXBuildFile; fileRef = 534F50BD2B9934CA00181716 /* Step12.png */; };
		534F50C02B9934FE00181716 /* Step21.png in Resources */ = {isa = PBXBuildFile; fileRef = 534F50BF2B9934FE00181716 /* Step21.png */; };
		534F50C22B9939C100181716 /* Step22.png in Resources */ = {isa = PBXBuildFile; fileRef = 534F50C12B9939C100181716 /* Step22.png */; };
		534F50C42B9942C500181716 /* Step23.png in Resources */ = {isa = PBXBuildFile; fileRef = 534F50C32B9942C500181716 /* Step23.png */; };
		534F50C62B99449A00181716 /* HomeView.swift in Sources */ = {isa = PBXBuildFile; fileRef = 534F50C52B99449A00181716 /* HomeView.swift */; };
		534F50C82B99455E00181716 /* ScreenOneView.swift in Sources */ = {isa = PBXBuildFile; fileRef = 534F50C72B99455E00181716 /* ScreenOneView.swift */; };
		534F50CA2B9946E300181716 /* Step24.png in Resources */ = {isa = PBXBuildFile; fileRef = 534F50C92B9946E300181716 /* Step24.png */; };
		534F50CC2B99472C00181716 /* Step25.png in Resources */ = {isa = PBXBuildFile; fileRef = 534F50CB2B99472C00181716 /* Step25.png */; };
/* End PBXBuildFile section */

/* Begin PBXFileReference section */
		534F50702B98EC2E00181716 /* MSALSwiftUI.app */ = {isa = PBXFileReference; explicitFileType = wrapper.application; includeInIndex = 0; path = MSALSwiftUI.app; sourceTree = BUILT_PRODUCTS_DIR; };
		534F50732B98EC2E00181716 /* MSALSwiftUIApp.swift */ = {isa = PBXFileReference; lastKnownFileType = sourcecode.swift; path = MSALSwiftUIApp.swift; sourceTree = "<group>"; };
		534F50752B98EC2E00181716 /* ContentView.swift */ = {isa = PBXFileReference; lastKnownFileType = sourcecode.swift; path = ContentView.swift; sourceTree = "<group>"; };
		534F50772B98EC2F00181716 /* Assets.xcassets */ = {isa = PBXFileReference; lastKnownFileType = folder.assetcatalog; path = Assets.xcassets; sourceTree = "<group>"; };
		534F507A2B98EC2F00181716 /* Preview Assets.xcassets */ = {isa = PBXFileReference; lastKnownFileType = folder.assetcatalog; path = "Preview Assets.xcassets"; sourceTree = "<group>"; };
		534F50842B98F1DD00181716 /* MSALSwiftUI.entitlements */ = {isa = PBXFileReference; lastKnownFileType = text.plist.entitlements; path = MSALSwiftUI.entitlements; sourceTree = "<group>"; };
		534F50852B98F29000181716 /* Info.plist */ = {isa = PBXFileReference; lastKnownFileType = text.plist; path = Info.plist; sourceTree = "<group>"; };
		534F50862B98F36100181716 /* MSALViewControllerRepresentable.swift */ = {isa = PBXFileReference; lastKnownFileType = sourcecode.swift; path = MSALViewControllerRepresentable.swift; sourceTree = "<group>"; };
		534F50882B98F43300181716 /* AppModel.swift */ = {isa = PBXFileReference; lastKnownFileType = sourcecode.swift; path = AppModel.swift; sourceTree = "<group>"; };
		534F508A2B98F4C500181716 /* MSALProperties.swift */ = {isa = PBXFileReference; lastKnownFileType = sourcecode.swift; path = MSALProperties.swift; sourceTree = "<group>"; };
		534F508C2B98F8CF00181716 /* App+MSAL.swift */ = {isa = PBXFileReference; lastKnownFileType = sourcecode.swift; path = "App+MSAL.swift"; sourceTree = "<group>"; };
		534F50902B9920BA00181716 /* Readme.md */ = {isa = PBXFileReference; lastKnownFileType = net.daringfireball.markdown; path = Readme.md; sourceTree = "<group>"; };
		534F50952B99213B00181716 /* step10.png */ = {isa = PBXFileReference; lastKnownFileType = image.png; path = step10.png; sourceTree = "<group>"; };
		534F50962B99213B00181716 /* Step11.png */ = {isa = PBXFileReference; lastKnownFileType = image.png; path = Step11.png; sourceTree = "<group>"; };
		534F50972B99213B00181716 /* Step9.png */ = {isa = PBXFileReference; lastKnownFileType = image.png; path = Step9.png; sourceTree = "<group>"; };
		534F50982B99213B00181716 /* Step2.png */ = {isa = PBXFileReference; lastKnownFileType = image.png; path = Step2.png; sourceTree = "<group>"; };
		534F50992B99213B00181716 /* Step3.png */ = {isa = PBXFileReference; lastKnownFileType = image.png; path = Step3.png; sourceTree = "<group>"; };
		534F509B2B99213B00181716 /* Step4.png */ = {isa = PBXFileReference; lastKnownFileType = image.png; path = Step4.png; sourceTree = "<group>"; };
		534F509D2B99213B00181716 /* Step5.png */ = {isa = PBXFileReference; lastKnownFileType = image.png; path = Step5.png; sourceTree = "<group>"; };
		534F509F2B99213B00181716 /* Step8.png */ = {isa = PBXFileReference; lastKnownFileType = image.png; path = Step8.png; sourceTree = "<group>"; };
		534F50A02B99213B00181716 /* step11.1.png */ = {isa = PBXFileReference; lastKnownFileType = image.png; path = step11.1.png; sourceTree = "<group>"; };
		534F50A22B99213B00181716 /* Step20.png */ = {isa = PBXFileReference; lastKnownFileType = image.png; path = Step20.png; sourceTree = "<group>"; };
		534F50A42B99213B00181716 /* Step1.png */ = {isa = PBXFileReference; lastKnownFileType = image.png; path = Step1.png; sourceTree = "<group>"; };
		534F50A52B99213B00181716 /* Step7.png */ = {isa = PBXFileReference; lastKnownFileType = image.png; path = Step7.png; sourceTree = "<group>"; };
		534F50A72B99213B00181716 /* Step6.png */ = {isa = PBXFileReference; lastKnownFileType = image.png; path = Step6.png; sourceTree = "<group>"; };
		534F50BD2B9934CA00181716 /* Step12.png */ = {isa = PBXFileReference; lastKnownFileType = image.png; path = Step12.png; sourceTree = "<group>"; };
		534F50BF2B9934FE00181716 /* Step21.png */ = {isa = PBXFileReference; lastKnownFileType = image.png; path = Step21.png; sourceTree = "<group>"; };
		534F50C12B9939C100181716 /* Step22.png */ = {isa = PBXFileReference; lastKnownFileType = image.png; path = Step22.png; sourceTree = "<group>"; };
		534F50C32B9942C500181716 /* Step23.png */ = {isa = PBXFileReference; lastKnownFileType = image.png; path = Step23.png; sourceTree = "<group>"; };
		534F50C52B99449A00181716 /* HomeView.swift */ = {isa = PBXFileReference; lastKnownFileType = sourcecode.swift; path = HomeView.swift; sourceTree = "<group>"; };
		534F50C72B99455E00181716 /* ScreenOneView.swift */ = {isa = PBXFileReference; lastKnownFileType = sourcecode.swift; path = ScreenOneView.swift; sourceTree = "<group>"; };
		534F50C92B9946E300181716 /* Step24.png */ = {isa = PBXFileReference; lastKnownFileType = image.png; path = Step24.png; sourceTree = "<group>"; };
		534F50CB2B99472C00181716 /* Step25.png */ = {isa = PBXFileReference; lastKnownFileType = image.png; path = Step25.png; sourceTree = "<group>"; };
/* End PBXFileReference section */

/* Begin PBXFrameworksBuildPhase section */
		534F506D2B98EC2E00181716 /* Frameworks */ = {
			isa = PBXFrameworksBuildPhase;
			buildActionMask = 2147483647;
			files = (
				534F50832B98F12000181716 /* MSAL in Frameworks */,
			);
			runOnlyForDeploymentPostprocessing = 0;
		};
/* End PBXFrameworksBuildPhase section */

/* Begin PBXGroup section */
		534F50672B98EC2E00181716 = {
			isa = PBXGroup;
			children = (
				534F50922B99211100181716 /* images */,
				534F50902B9920BA00181716 /* Readme.md */,
				534F50722B98EC2E00181716 /* MSALSwiftUI */,
				534F50712B98EC2E00181716 /* Products */,
			);
			sourceTree = "<group>";
		};
		534F50712B98EC2E00181716 /* Products */ = {
			isa = PBXGroup;
			children = (
				534F50702B98EC2E00181716 /* MSALSwiftUI.app */,
			);
			name = Products;
			sourceTree = "<group>";
		};
		534F50722B98EC2E00181716 /* MSALSwiftUI */ = {
			isa = PBXGroup;
			children = (
				534F50852B98F29000181716 /* Info.plist */,
				534F50842B98F1DD00181716 /* MSALSwiftUI.entitlements */,
				534F50732B98EC2E00181716 /* MSALSwiftUIApp.swift */,
				534F50882B98F43300181716 /* AppModel.swift */,
				534F508C2B98F8CF00181716 /* App+MSAL.swift */,
				534F508A2B98F4C500181716 /* MSALProperties.swift */,
				534F50752B98EC2E00181716 /* ContentView.swift */,
				534F50C52B99449A00181716 /* HomeView.swift */,
				534F50C72B99455E00181716 /* ScreenOneView.swift */,
				534F50862B98F36100181716 /* MSALViewControllerRepresentable.swift */,
				534F50772B98EC2F00181716 /* Assets.xcassets */,
				534F50792B98EC2F00181716 /* Preview Content */,
			);
			path = MSALSwiftUI;
			sourceTree = "<group>";
		};
		534F50792B98EC2F00181716 /* Preview Content */ = {
			isa = PBXGroup;
			children = (
				534F507A2B98EC2F00181716 /* Preview Assets.xcassets */,
			);
			path = "Preview Content";
			sourceTree = "<group>";
		};
		534F50922B99211100181716 /* images */ = {
			isa = PBXGroup;
			children = (
				534F50A42B99213B00181716 /* Step1.png */,
				534F50982B99213B00181716 /* Step2.png */,
				534F50992B99213B00181716 /* Step3.png */,
				534F509B2B99213B00181716 /* Step4.png */,
				534F509D2B99213B00181716 /* Step5.png */,
				534F50A72B99213B00181716 /* Step6.png */,
				534F50A52B99213B00181716 /* Step7.png */,
				534F509F2B99213B00181716 /* Step8.png */,
				534F50972B99213B00181716 /* Step9.png */,
				534F50952B99213B00181716 /* step10.png */,
				534F50A02B99213B00181716 /* step11.1.png */,
				534F50962B99213B00181716 /* Step11.png */,
				534F50BD2B9934CA00181716 /* Step12.png */,
				534F50A22B99213B00181716 /* Step20.png */,
				534F50BF2B9934FE00181716 /* Step21.png */,
				534F50C12B9939C100181716 /* Step22.png */,
				534F50C32B9942C500181716 /* Step23.png */,
				534F50C92B9946E300181716 /* Step24.png */,
				534F50CB2B99472C00181716 /* Step25.png */,
			);
			path = images;
			sourceTree = "<group>";
		};
/* End PBXGroup section */

/* Begin PBXNativeTarget section */
		534F506F2B98EC2E00181716 /* MSALSwiftUI */ = {
			isa = PBXNativeTarget;
			buildConfigurationList = 534F507E2B98EC2F00181716 /* Build configuration list for PBXNativeTarget "MSALSwiftUI" */;
			buildPhases = (
				534F506C2B98EC2E00181716 /* Sources */,
				534F506D2B98EC2E00181716 /* Frameworks */,
				534F506E2B98EC2E00181716 /* Resources */,
			);
			buildRules = (
			);
			dependencies = (
			);
			name = MSALSwiftUI;
			packageProductDependencies = (
				534F50822B98F12000181716 /* MSAL */,
			);
			productName = MSALSwiftUI;
			productReference = 534F50702B98EC2E00181716 /* MSALSwiftUI.app */;
			productType = "com.apple.product-type.application";
		};
/* End PBXNativeTarget section */

/* Begin PBXProject section */
		534F50682B98EC2E00181716 /* Project object */ = {
			isa = PBXProject;
			attributes = {
				BuildIndependentTargetsInParallel = 1;
				LastSwiftUpdateCheck = 1500;
				LastUpgradeCheck = 1500;
				TargetAttributes = {
					534F506F2B98EC2E00181716 = {
						CreatedOnToolsVersion = 15.0.1;
					};
				};
			};
			buildConfigurationList = 534F506B2B98EC2E00181716 /* Build configuration list for PBXProject "MSALSwiftUI" */;
			compatibilityVersion = "Xcode 14.0";
			developmentRegion = en;
			hasScannedForEncodings = 0;
			knownRegions = (
				en,
				Base,
			);
			mainGroup = 534F50672B98EC2E00181716;
			packageReferences = (
				534F50812B98F12000181716 /* XCRemoteSwiftPackageReference "microsoft-authentication-library-for-objc" */,
			);
			productRefGroup = 534F50712B98EC2E00181716 /* Products */;
			projectDirPath = "";
			projectRoot = "";
			targets = (
				534F506F2B98EC2E00181716 /* MSALSwiftUI */,
			);
		};
/* End PBXProject section */

/* Begin PBXResourcesBuildPhase section */
		534F506E2B98EC2E00181716 /* Resources */ = {
			isa = PBXResourcesBuildPhase;
			buildActionMask = 2147483647;
			files = (
				534F50C22B9939C100181716 /* Step22.png in Resources */,
				534F50B42B99213B00181716 /* Step8.png in Resources */,
				534F50C42B9942C500181716 /* Step23.png in Resources */,
				534F50B52B99213B00181716 /* step11.1.png in Resources */,
				534F507B2B98EC2F00181716 /* Preview Assets.xcassets in Resources */,
				534F50AC2B99213B00181716 /* Step9.png in Resources */,
				534F50782B98EC2F00181716 /* Assets.xcassets in Resources */,
				534F50B92B99213B00181716 /* Step1.png in Resources */,
				534F50AB2B99213B00181716 /* Step11.png in Resources */,
				534F50C02B9934FE00181716 /* Step21.png in Resources */,
				534F50CA2B9946E300181716 /* Step24.png in Resources */,
				534F50B72B99213B00181716 /* Step20.png in Resources */,
				534F50BC2B99213B00181716 /* Step6.png in Resources */,
				534F50AA2B99213B00181716 /* step10.png in Resources */,
				534F50CC2B99472C00181716 /* Step25.png in Resources */,
				534F50BA2B99213B00181716 /* Step7.png in Resources */,
				534F50B02B99213B00181716 /* Step4.png in Resources */,
				534F50912B9920BA00181716 /* Readme.md in Resources */,
				534F50AD2B99213B00181716 /* Step2.png in Resources */,
				534F50BE2B9934CA00181716 /* Step12.png in Resources */,
				534F50AE2B99213B00181716 /* Step3.png in Resources */,
				534F50B22B99213B00181716 /* Step5.png in Resources */,
			);
			runOnlyForDeploymentPostprocessing = 0;
		};
/* End PBXResourcesBuildPhase section */

/* Begin PBXSourcesBuildPhase section */
		534F506C2B98EC2E00181716 /* Sources */ = {
			isa = PBXSourcesBuildPhase;
			buildActionMask = 2147483647;
			files = (
				534F508D2B98F8CF00181716 /* App+MSAL.swift in Sources */,
				534F50C62B99449A00181716 /* HomeView.swift in Sources */,
				534F50762B98EC2E00181716 /* ContentView.swift in Sources */,
				534F50C82B99455E00181716 /* ScreenOneView.swift in Sources */,
				534F50742B98EC2E00181716 /* MSALSwiftUIApp.swift in Sources */,
				534F50872B98F36100181716 /* MSALViewControllerRepresentable.swift in Sources */,
				534F508B2B98F4C500181716 /* MSALProperties.swift in Sources */,
				534F50892B98F43300181716 /* AppModel.swift in Sources */,
			);
			runOnlyForDeploymentPostprocessing = 0;
		};
/* End PBXSourcesBuildPhase section */

/* Begin XCBuildConfiguration section */
		534F507C2B98EC2F00181716 /* Debug */ = {
			isa = XCBuildConfiguration;
			buildSettings = {
				ALWAYS_SEARCH_USER_PATHS = NO;
				ASSETCATALOG_COMPILER_GENERATE_SWIFT_ASSET_SYMBOL_EXTENSIONS = YES;
				CLANG_ANALYZER_NONNULL = YES;
				CLANG_ANALYZER_NUMBER_OBJECT_CONVERSION = YES_AGGRESSIVE;
				CLANG_CXX_LANGUAGE_STANDARD = "gnu++20";
				CLANG_ENABLE_MODULES = YES;
				CLANG_ENABLE_OBJC_ARC = YES;
				CLANG_ENABLE_OBJC_WEAK = YES;
				CLANG_WARN_BLOCK_CAPTURE_AUTORELEASING = YES;
				CLANG_WARN_BOOL_CONVERSION = YES;
				CLANG_WARN_COMMA = YES;
				CLANG_WARN_CONSTANT_CONVERSION = YES;
				CLANG_WARN_DEPRECATED_OBJC_IMPLEMENTATIONS = YES;
				CLANG_WARN_DIRECT_OBJC_ISA_USAGE = YES_ERROR;
				CLANG_WARN_DOCUMENTATION_COMMENTS = YES;
				CLANG_WARN_EMPTY_BODY = YES;
				CLANG_WARN_ENUM_CONVERSION = YES;
				CLANG_WARN_INFINITE_RECURSION = YES;
				CLANG_WARN_INT_CONVERSION = YES;
				CLANG_WARN_NON_LITERAL_NULL_CONVERSION = YES;
				CLANG_WARN_OBJC_IMPLICIT_RETAIN_SELF = YES;
				CLANG_WARN_OBJC_LITERAL_CONVERSION = YES;
				CLANG_WARN_OBJC_ROOT_CLASS = YES_ERROR;
				CLANG_WARN_QUOTED_INCLUDE_IN_FRAMEWORK_HEADER = YES;
				CLANG_WARN_RANGE_LOOP_ANALYSIS = YES;
				CLANG_WARN_STRICT_PROTOTYPES = YES;
				CLANG_WARN_SUSPICIOUS_MOVE = YES;
				CLANG_WARN_UNGUARDED_AVAILABILITY = YES_AGGRESSIVE;
				CLANG_WARN_UNREACHABLE_CODE = YES;
				CLANG_WARN__DUPLICATE_METHOD_MATCH = YES;
				COPY_PHASE_STRIP = NO;
				DEBUG_INFORMATION_FORMAT = dwarf;
				ENABLE_STRICT_OBJC_MSGSEND = YES;
				ENABLE_TESTABILITY = YES;
				ENABLE_USER_SCRIPT_SANDBOXING = YES;
				GCC_C_LANGUAGE_STANDARD = gnu17;
				GCC_DYNAMIC_NO_PIC = NO;
				GCC_NO_COMMON_BLOCKS = YES;
				GCC_OPTIMIZATION_LEVEL = 0;
				GCC_PREPROCESSOR_DEFINITIONS = (
					"DEBUG=1",
					"$(inherited)",
				);
				GCC_WARN_64_TO_32_BIT_CONVERSION = YES;
				GCC_WARN_ABOUT_RETURN_TYPE = YES_ERROR;
				GCC_WARN_UNDECLARED_SELECTOR = YES;
				GCC_WARN_UNINITIALIZED_AUTOS = YES_AGGRESSIVE;
				GCC_WARN_UNUSED_FUNCTION = YES;
				GCC_WARN_UNUSED_VARIABLE = YES;
				IPHONEOS_DEPLOYMENT_TARGET = 17.0;
				LOCALIZATION_PREFERS_STRING_CATALOGS = YES;
				MTL_ENABLE_DEBUG_INFO = INCLUDE_SOURCE;
				MTL_FAST_MATH = YES;
				ONLY_ACTIVE_ARCH = YES;
				SDKROOT = iphoneos;
				SWIFT_ACTIVE_COMPILATION_CONDITIONS = "DEBUG $(inherited)";
				SWIFT_OPTIMIZATION_LEVEL = "-Onone";
			};
			name = Debug;
		};
		534F507D2B98EC2F00181716 /* Release */ = {
			isa = XCBuildConfiguration;
			buildSettings = {
				ALWAYS_SEARCH_USER_PATHS = NO;
				ASSETCATALOG_COMPILER_GENERATE_SWIFT_ASSET_SYMBOL_EXTENSIONS = YES;
				CLANG_ANALYZER_NONNULL = YES;
				CLANG_ANALYZER_NUMBER_OBJECT_CONVERSION = YES_AGGRESSIVE;
				CLANG_CXX_LANGUAGE_STANDARD = "gnu++20";
				CLANG_ENABLE_MODULES = YES;
				CLANG_ENABLE_OBJC_ARC = YES;
				CLANG_ENABLE_OBJC_WEAK = YES;
				CLANG_WARN_BLOCK_CAPTURE_AUTORELEASING = YES;
				CLANG_WARN_BOOL_CONVERSION = YES;
				CLANG_WARN_COMMA = YES;
				CLANG_WARN_CONSTANT_CONVERSION = YES;
				CLANG_WARN_DEPRECATED_OBJC_IMPLEMENTATIONS = YES;
				CLANG_WARN_DIRECT_OBJC_ISA_USAGE = YES_ERROR;
				CLANG_WARN_DOCUMENTATION_COMMENTS = YES;
				CLANG_WARN_EMPTY_BODY = YES;
				CLANG_WARN_ENUM_CONVERSION = YES;
				CLANG_WARN_INFINITE_RECURSION = YES;
				CLANG_WARN_INT_CONVERSION = YES;
				CLANG_WARN_NON_LITERAL_NULL_CONVERSION = YES;
				CLANG_WARN_OBJC_IMPLICIT_RETAIN_SELF = YES;
				CLANG_WARN_OBJC_LITERAL_CONVERSION = YES;
				CLANG_WARN_OBJC_ROOT_CLASS = YES_ERROR;
				CLANG_WARN_QUOTED_INCLUDE_IN_FRAMEWORK_HEADER = YES;
				CLANG_WARN_RANGE_LOOP_ANALYSIS = YES;
				CLANG_WARN_STRICT_PROTOTYPES = YES;
				CLANG_WARN_SUSPICIOUS_MOVE = YES;
				CLANG_WARN_UNGUARDED_AVAILABILITY = YES_AGGRESSIVE;
				CLANG_WARN_UNREACHABLE_CODE = YES;
				CLANG_WARN__DUPLICATE_METHOD_MATCH = YES;
				COPY_PHASE_STRIP = NO;
				DEBUG_INFORMATION_FORMAT = "dwarf-with-dsym";
				ENABLE_NS_ASSERTIONS = NO;
				ENABLE_STRICT_OBJC_MSGSEND = YES;
				ENABLE_USER_SCRIPT_SANDBOXING = YES;
				GCC_C_LANGUAGE_STANDARD = gnu17;
				GCC_NO_COMMON_BLOCKS = YES;
				GCC_WARN_64_TO_32_BIT_CONVERSION = YES;
				GCC_WARN_ABOUT_RETURN_TYPE = YES_ERROR;
				GCC_WARN_UNDECLARED_SELECTOR = YES;
				GCC_WARN_UNINITIALIZED_AUTOS = YES_AGGRESSIVE;
				GCC_WARN_UNUSED_FUNCTION = YES;
				GCC_WARN_UNUSED_VARIABLE = YES;
				IPHONEOS_DEPLOYMENT_TARGET = 17.0;
				LOCALIZATION_PREFERS_STRING_CATALOGS = YES;
				MTL_ENABLE_DEBUG_INFO = NO;
				MTL_FAST_MATH = YES;
				SDKROOT = iphoneos;
				SWIFT_COMPILATION_MODE = wholemodule;
				VALIDATE_PRODUCT = YES;
			};
			name = Release;
		};
		534F507F2B98EC2F00181716 /* Debug */ = {
			isa = XCBuildConfiguration;
			buildSettings = {
				ASSETCATALOG_COMPILER_APPICON_NAME = AppIcon;
				ASSETCATALOG_COMPILER_GLOBAL_ACCENT_COLOR_NAME = AccentColor;
				CODE_SIGN_ENTITLEMENTS = MSALSwiftUI/MSALSwiftUI.entitlements;
				CODE_SIGN_STYLE = Automatic;
				CURRENT_PROJECT_VERSION = 1;
				DEVELOPMENT_ASSET_PATHS = "\"MSALSwiftUI/Preview Content\"";
				DEVELOPMENT_TEAM = M8R3ST66PX;
				ENABLE_PREVIEWS = YES;
				GENERATE_INFOPLIST_FILE = YES;
				INFOPLIST_FILE = MSALSwiftUI/Info.plist;
				INFOPLIST_KEY_UIApplicationSceneManifest_Generation = YES;
				INFOPLIST_KEY_UIApplicationSupportsIndirectInputEvents = YES;
				INFOPLIST_KEY_UILaunchScreen_Generation = YES;
				INFOPLIST_KEY_UISupportedInterfaceOrientations_iPad = "UIInterfaceOrientationPortrait UIInterfaceOrientationPortraitUpsideDown UIInterfaceOrientationLandscapeLeft UIInterfaceOrientationLandscapeRight";
				INFOPLIST_KEY_UISupportedInterfaceOrientations_iPhone = "UIInterfaceOrientationPortrait UIInterfaceOrientationLandscapeLeft UIInterfaceOrientationLandscapeRight";
				LD_RUNPATH_SEARCH_PATHS = (
					"$(inherited)",
					"@executable_path/Frameworks",
				);
				MARKETING_VERSION = 1.0;
				PRODUCT_BUNDLE_IDENTIFIER = com.carrie.aiden.MSALSwiftUI;
				PRODUCT_NAME = "$(TARGET_NAME)";
				SWIFT_EMIT_LOC_STRINGS = YES;
				SWIFT_VERSION = 5.0;
				TARGETED_DEVICE_FAMILY = "1,2";
			};
			name = Debug;
		};
		534F50802B98EC2F00181716 /* Release */ = {
			isa = XCBuildConfiguration;
			buildSettings = {
				ASSETCATALOG_COMPILER_APPICON_NAME = AppIcon;
				ASSETCATALOG_COMPILER_GLOBAL_ACCENT_COLOR_NAME = AccentColor;
				CODE_SIGN_ENTITLEMENTS = MSALSwiftUI/MSALSwiftUI.entitlements;
				CODE_SIGN_STYLE = Automatic;
				CURRENT_PROJECT_VERSION = 1;
				DEVELOPMENT_ASSET_PATHS = "\"MSALSwiftUI/Preview Content\"";
				DEVELOPMENT_TEAM = M8R3ST66PX;
				ENABLE_PREVIEWS = YES;
				GENERATE_INFOPLIST_FILE = YES;
				INFOPLIST_FILE = MSALSwiftUI/Info.plist;
				INFOPLIST_KEY_UIApplicationSceneManifest_Generation = YES;
				INFOPLIST_KEY_UIApplicationSupportsIndirectInputEvents = YES;
				INFOPLIST_KEY_UILaunchScreen_Generation = YES;
				INFOPLIST_KEY_UISupportedInterfaceOrientations_iPad = "UIInterfaceOrientationPortrait UIInterfaceOrientationPortraitUpsideDown UIInterfaceOrientationLandscapeLeft UIInterfaceOrientationLandscapeRight";
				INFOPLIST_KEY_UISupportedInterfaceOrientations_iPhone = "UIInterfaceOrientationPortrait UIInterfaceOrientationLandscapeLeft UIInterfaceOrientationLandscapeRight";
				LD_RUNPATH_SEARCH_PATHS = (
					"$(inherited)",
					"@executable_path/Frameworks",
				);
				MARKETING_VERSION = 1.0;
				PRODUCT_BUNDLE_IDENTIFIER = com.carrie.aiden.MSALSwiftUI;
				PRODUCT_NAME = "$(TARGET_NAME)";
				SWIFT_EMIT_LOC_STRINGS = YES;
				SWIFT_VERSION = 5.0;
				TARGETED_DEVICE_FAMILY = "1,2";
			};
			name = Release;
		};
/* End XCBuildConfiguration section */

/* Begin XCConfigurationList section */
		534F506B2B98EC2E00181716 /* Build configuration list for PBXProject "MSALSwiftUI" */ = {
			isa = XCConfigurationList;
			buildConfigurations = (
				534F507C2B98EC2F00181716 /* Debug */,
				534F507D2B98EC2F00181716 /* Release */,
			);
			defaultConfigurationIsVisible = 0;
			defaultConfigurationName = Release;
		};
		534F507E2B98EC2F00181716 /* Build configuration list for PBXNativeTarget "MSALSwiftUI" */ = {
			isa = XCConfigurationList;
			buildConfigurations = (
				534F507F2B98EC2F00181716 /* Debug */,
				534F50802B98EC2F00181716 /* Release */,
			);
			defaultConfigurationIsVisible = 0;
			defaultConfigurationName = Release;
		};
/* End XCConfigurationList section */

/* Begin XCRemoteSwiftPackageReference section */
		534F50812B98F12000181716 /* XCRemoteSwiftPackageReference "microsoft-authentication-library-for-objc" */ = {
			isa = XCRemoteSwiftPackageReference;
			repositoryURL = "https://github.com/AzureAD/microsoft-authentication-library-for-objc.git";
			requirement = {
				kind = upToNextMajorVersion;
				minimumVersion = 1.3.0;
			};
		};
/* End XCRemoteSwiftPackageReference section */

/* Begin XCSwiftPackageProductDependency section */
		534F50822B98F12000181716 /* MSAL */ = {
			isa = XCSwiftPackageProductDependency;
			package = 534F50812B98F12000181716 /* XCRemoteSwiftPackageReference "microsoft-authentication-library-for-objc" */;
			productName = MSAL;
		};
/* End XCSwiftPackageProductDependency section */
	};
	rootObject = 534F50682B98EC2E00181716 /* Project object */;
}
